// !$*UTF8*$!
{
	archiveVersion = 1;
	classes = {
	};
	objectVersion = 55;
	objects = {

/* Begin PBXBuildFile section */
		1F3DA0602809D98800391864 /* AppDelegate.swift in Sources */ = {isa = PBXBuildFile; fileRef = 1F3DA05F2809D98800391864 /* AppDelegate.swift */; };
		1F3DA0622809D98800391864 /* SceneDelegate.swift in Sources */ = {isa = PBXBuildFile; fileRef = 1F3DA0612809D98800391864 /* SceneDelegate.swift */; };
		1F3DA0642809D98800391864 /* StopListViewController.swift in Sources */ = {isa = PBXBuildFile; fileRef = 1F3DA0632809D98800391864 /* StopListViewController.swift */; };
		1F3DA0692809D98B00391864 /* Assets.xcassets in Resources */ = {isa = PBXBuildFile; fileRef = 1F3DA0682809D98B00391864 /* Assets.xcassets */; };
		1F3DA06C2809D98B00391864 /* LaunchScreen.storyboard in Resources */ = {isa = PBXBuildFile; fileRef = 1F3DA06A2809D98B00391864 /* LaunchScreen.storyboard */; };
		1F3DA0742809DEDA00391864 /* NetworkCore.swift in Sources */ = {isa = PBXBuildFile; fileRef = 1F3DA0732809DEDA00391864 /* NetworkCore.swift */; };
		1F3DA0762809DF1D00391864 /* DataRequest.swift in Sources */ = {isa = PBXBuildFile; fileRef = 1F3DA0752809DF1D00391864 /* DataRequest.swift */; };
		1F3DA0782809DF7A00391864 /* StopListRequest.swift in Sources */ = {isa = PBXBuildFile; fileRef = 1F3DA0772809DF7A00391864 /* StopListRequest.swift */; };
		1F3DA07A2809DFA900391864 /* StopsRaw.swift in Sources */ = {isa = PBXBuildFile; fileRef = 1F3DA0792809DFA900391864 /* StopsRaw.swift */; };
		1F3DA07C2809E03100391864 /* StopListViewModel.swift in Sources */ = {isa = PBXBuildFile; fileRef = 1F3DA07B2809E03100391864 /* StopListViewModel.swift */; };
		1F3DA07E2809E5D200391864 /* BusStopService.swift in Sources */ = {isa = PBXBuildFile; fileRef = 1F3DA07D2809E5D200391864 /* BusStopService.swift */; };
		1F3DA0802809E9D500391864 /* StopDetailViewController.swift in Sources */ = {isa = PBXBuildFile; fileRef = 1F3DA07F2809E9D500391864 /* StopDetailViewController.swift */; };
		1F3DA0832809EE6E00391864 /* StopDetailRequest.swift in Sources */ = {isa = PBXBuildFile; fileRef = 1F3DA0822809EE6E00391864 /* StopDetailRequest.swift */; };
		1F3DA0852809EF8900391864 /* StopRaw.swift in Sources */ = {isa = PBXBuildFile; fileRef = 1F3DA0842809EF8900391864 /* StopRaw.swift */; };
		1F3DA0872809F18F00391864 /* StopDetailViewModel.swift in Sources */ = {isa = PBXBuildFile; fileRef = 1F3DA0862809F18F00391864 /* StopDetailViewModel.swift */; };
		1F3DA0892809FE8000391864 /* BottomSheetViewController.swift in Sources */ = {isa = PBXBuildFile; fileRef = 1F3DA0882809FE8000391864 /* BottomSheetViewController.swift */; };
		1F3DA08B280DC58C00391864 /* RouteCell.swift in Sources */ = {isa = PBXBuildFile; fileRef = 1F3DA08A280DC58C00391864 /* RouteCell.swift */; };
		1F3DA08D280DCDC800391864 /* BottomSheetViewModel.swift in Sources */ = {isa = PBXBuildFile; fileRef = 1F3DA08C280DCDC700391864 /* BottomSheetViewModel.swift */; };
		1F3DA08F280DCF6600391864 /* RouteCellViewModel.swift in Sources */ = {isa = PBXBuildFile; fileRef = 1F3DA08E280DCF6600391864 /* RouteCellViewModel.swift */; };
		1F3DA091280DD29F00391864 /* String+HexToUiColor.swift in Sources */ = {isa = PBXBuildFile; fileRef = 1F3DA090280DD29F00391864 /* String+HexToUiColor.swift */; };
		1F3DA09F280DDE9E00391864 /* UIViewController+Alert.swift in Sources */ = {isa = PBXBuildFile; fileRef = 1F3DA09E280DDE9E00391864 /* UIViewController+Alert.swift */; };
/* End PBXBuildFile section */

/* Begin PBXFileReference section */
		1F3DA05C2809D98800391864 /* MapKitTestApp.app */ = {isa = PBXFileReference; explicitFileType = wrapper.application; includeInIndex = 0; path = MapKitTestApp.app; sourceTree = BUILT_PRODUCTS_DIR; };
		1F3DA05F2809D98800391864 /* AppDelegate.swift */ = {isa = PBXFileReference; lastKnownFileType = sourcecode.swift; path = AppDelegate.swift; sourceTree = "<group>"; };
		1F3DA0612809D98800391864 /* SceneDelegate.swift */ = {isa = PBXFileReference; lastKnownFileType = sourcecode.swift; path = SceneDelegate.swift; sourceTree = "<group>"; };
		1F3DA0632809D98800391864 /* StopListViewController.swift */ = {isa = PBXFileReference; lastKnownFileType = sourcecode.swift; path = StopListViewController.swift; sourceTree = "<group>"; };
		1F3DA0682809D98B00391864 /* Assets.xcassets */ = {isa = PBXFileReference; lastKnownFileType = folder.assetcatalog; path = Assets.xcassets; sourceTree = "<group>"; };
		1F3DA06B2809D98B00391864 /* Base */ = {isa = PBXFileReference; lastKnownFileType = file.storyboard; name = Base; path = Base.lproj/LaunchScreen.storyboard; sourceTree = "<group>"; };
		1F3DA06D2809D98B00391864 /* Info.plist */ = {isa = PBXFileReference; lastKnownFileType = text.plist.xml; path = Info.plist; sourceTree = "<group>"; };
		1F3DA0732809DEDA00391864 /* NetworkCore.swift */ = {isa = PBXFileReference; lastKnownFileType = sourcecode.swift; path = NetworkCore.swift; sourceTree = "<group>"; };
		1F3DA0752809DF1D00391864 /* DataRequest.swift */ = {isa = PBXFileReference; lastKnownFileType = sourcecode.swift; path = DataRequest.swift; sourceTree = "<group>"; };
		1F3DA0772809DF7A00391864 /* StopListRequest.swift */ = {isa = PBXFileReference; lastKnownFileType = sourcecode.swift; path = StopListRequest.swift; sourceTree = "<group>"; };
		1F3DA0792809DFA900391864 /* StopsRaw.swift */ = {isa = PBXFileReference; lastKnownFileType = sourcecode.swift; path = StopsRaw.swift; sourceTree = "<group>"; };
		1F3DA07B2809E03100391864 /* StopListViewModel.swift */ = {isa = PBXFileReference; lastKnownFileType = sourcecode.swift; path = StopListViewModel.swift; sourceTree = "<group>"; };
		1F3DA07D2809E5D200391864 /* BusStopService.swift */ = {isa = PBXFileReference; lastKnownFileType = sourcecode.swift; path = BusStopService.swift; sourceTree = "<group>"; };
		1F3DA07F2809E9D500391864 /* StopDetailViewController.swift */ = {isa = PBXFileReference; lastKnownFileType = sourcecode.swift; path = StopDetailViewController.swift; sourceTree = "<group>"; };
		1F3DA0822809EE6E00391864 /* StopDetailRequest.swift */ = {isa = PBXFileReference; lastKnownFileType = sourcecode.swift; path = StopDetailRequest.swift; sourceTree = "<group>"; };
		1F3DA0842809EF8900391864 /* StopRaw.swift */ = {isa = PBXFileReference; lastKnownFileType = sourcecode.swift; path = StopRaw.swift; sourceTree = "<group>"; };
		1F3DA0862809F18F00391864 /* StopDetailViewModel.swift */ = {isa = PBXFileReference; lastKnownFileType = sourcecode.swift; path = StopDetailViewModel.swift; sourceTree = "<group>"; };
		1F3DA0882809FE8000391864 /* BottomSheetViewController.swift */ = {isa = PBXFileReference; lastKnownFileType = sourcecode.swift; path = BottomSheetViewController.swift; sourceTree = "<group>"; };
		1F3DA08A280DC58C00391864 /* RouteCell.swift */ = {isa = PBXFileReference; lastKnownFileType = sourcecode.swift; path = RouteCell.swift; sourceTree = "<group>"; };
		1F3DA08C280DCDC700391864 /* BottomSheetViewModel.swift */ = {isa = PBXFileReference; lastKnownFileType = sourcecode.swift; path = BottomSheetViewModel.swift; sourceTree = "<group>"; };
		1F3DA08E280DCF6600391864 /* RouteCellViewModel.swift */ = {isa = PBXFileReference; lastKnownFileType = sourcecode.swift; path = RouteCellViewModel.swift; sourceTree = "<group>"; };
		1F3DA090280DD29F00391864 /* String+HexToUiColor.swift */ = {isa = PBXFileReference; lastKnownFileType = sourcecode.swift; path = "String+HexToUiColor.swift"; sourceTree = "<group>"; };
		1F3DA09E280DDE9E00391864 /* UIViewController+Alert.swift */ = {isa = PBXFileReference; lastKnownFileType = sourcecode.swift; path = "UIViewController+Alert.swift"; sourceTree = "<group>"; };
/* End PBXFileReference section */

/* Begin PBXFrameworksBuildPhase section */
		1F3DA0592809D98800391864 /* Frameworks */ = {
			isa = PBXFrameworksBuildPhase;
			buildActionMask = 2147483647;
			files = (
			);
			runOnlyForDeploymentPostprocessing = 0;
		};
/* End PBXFrameworksBuildPhase section */

/* Begin PBXGroup section */
		1F3DA0532809D98800391864 = {
			isa = PBXGroup;
			children = (
				1F3DA05E2809D98800391864 /* MapKitTestApp */,
				1F3DA05D2809D98800391864 /* Products */,
			);
			sourceTree = "<group>";
		};
		1F3DA05D2809D98800391864 /* Products */ = {
			isa = PBXGroup;
			children = (
				1F3DA05C2809D98800391864 /* MapKitTestApp.app */,
			);
			name = Products;
			sourceTree = "<group>";
		};
		1F3DA05E2809D98800391864 /* MapKitTestApp */ = {
			isa = PBXGroup;
			children = (
				1F3DA05F2809D98800391864 /* AppDelegate.swift */,
				1F3DA0612809D98800391864 /* SceneDelegate.swift */,
				1F3DA097280DDA4200391864 /* Scenes */,
				1F3DA096280DDA3800391864 /* Support */,
				1F3DA0812809EE5200391864 /* Network */,
				1F3DA0682809D98B00391864 /* Assets.xcassets */,
				1F3DA06A2809D98B00391864 /* LaunchScreen.storyboard */,
				1F3DA06D2809D98B00391864 /* Info.plist */,
			);
			path = MapKitTestApp;
			sourceTree = "<group>";
		};
		1F3DA0812809EE5200391864 /* Network */ = {
			isa = PBXGroup;
			children = (
				1F3DA095280DDA2700391864 /* Requests */,
				1F3DA094280DDA1B00391864 /* Raws */,
				1F3DA07D2809E5D200391864 /* BusStopService.swift */,
				1F3DA0732809DEDA00391864 /* NetworkCore.swift */,
				1F3DA0752809DF1D00391864 /* DataRequest.swift */,
			);
			path = Network;
			sourceTree = "<group>";
		};
		1F3DA094280DDA1B00391864 /* Raws */ = {
			isa = PBXGroup;
			children = (
				1F3DA0792809DFA900391864 /* StopsRaw.swift */,
				1F3DA0842809EF8900391864 /* StopRaw.swift */,
			);
			path = Raws;
			sourceTree = "<group>";
		};
		1F3DA095280DDA2700391864 /* Requests */ = {
			isa = PBXGroup;
			children = (
				1F3DA0772809DF7A00391864 /* StopListRequest.swift */,
				1F3DA0822809EE6E00391864 /* StopDetailRequest.swift */,
			);
			path = Requests;
			sourceTree = "<group>";
		};
		1F3DA096280DDA3800391864 /* Support */ = {
			isa = PBXGroup;
			children = (
				1F3DA090280DD29F00391864 /* String+HexToUiColor.swift */,
				1F3DA09E280DDE9E00391864 /* UIViewController+Alert.swift */,
			);
			path = Support;
			sourceTree = "<group>";
		};
		1F3DA097280DDA4200391864 /* Scenes */ = {
			isa = PBXGroup;
			children = (
				1F3DA09B280DDA6100391864 /* StopDetail */,
				1F3DA09A280DDA5200391864 /* StopList */,
			);
			path = Scenes;
			sourceTree = "<group>";
		};
		1F3DA09A280DDA5200391864 /* StopList */ = {
			isa = PBXGroup;
			children = (
				1F3DA0632809D98800391864 /* StopListViewController.swift */,
				1F3DA07B2809E03100391864 /* StopListViewModel.swift */,
			);
			path = StopList;
			sourceTree = "<group>";
		};
		1F3DA09B280DDA6100391864 /* StopDetail */ = {
			isa = PBXGroup;
			children = (
				1F3DA09C280DDA7400391864 /* BottomSheet */,
				1F3DA07F2809E9D500391864 /* StopDetailViewController.swift */,
				1F3DA0862809F18F00391864 /* StopDetailViewModel.swift */,
			);
			path = StopDetail;
			sourceTree = "<group>";
		};
		1F3DA09C280DDA7400391864 /* BottomSheet */ = {
			isa = PBXGroup;
			children = (
				1F3DA09D280DDA7F00391864 /* RouteCell */,
				1F3DA0882809FE8000391864 /* BottomSheetViewController.swift */,
				1F3DA08C280DCDC700391864 /* BottomSheetViewModel.swift */,
			);
			path = BottomSheet;
			sourceTree = "<group>";
		};
		1F3DA09D280DDA7F00391864 /* RouteCell */ = {
			isa = PBXGroup;
			children = (
				1F3DA08A280DC58C00391864 /* RouteCell.swift */,
				1F3DA08E280DCF6600391864 /* RouteCellViewModel.swift */,
			);
			path = RouteCell;
			sourceTree = "<group>";
		};
/* End PBXGroup section */

/* Begin PBXNativeTarget section */
		1F3DA05B2809D98800391864 /* MapKitTestApp */ = {
			isa = PBXNativeTarget;
			buildConfigurationList = 1F3DA0702809D98B00391864 /* Build configuration list for PBXNativeTarget "MapKitTestApp" */;
			buildPhases = (
				1F3DA0582809D98800391864 /* Sources */,
				1F3DA0592809D98800391864 /* Frameworks */,
				1F3DA05A2809D98800391864 /* Resources */,
			);
			buildRules = (
			);
			dependencies = (
			);
			name = MapKitTestApp;
			productName = MapKitTestApp;
			productReference = 1F3DA05C2809D98800391864 /* MapKitTestApp.app */;
			productType = "com.apple.product-type.application";
		};
/* End PBXNativeTarget section */

/* Begin PBXProject section */
		1F3DA0542809D98800391864 /* Project object */ = {
			isa = PBXProject;
			attributes = {
				BuildIndependentTargetsInParallel = 1;
				LastSwiftUpdateCheck = 1330;
				LastUpgradeCheck = 1330;
				TargetAttributes = {
					1F3DA05B2809D98800391864 = {
						CreatedOnToolsVersion = 13.3;
					};
				};
			};
			buildConfigurationList = 1F3DA0572809D98800391864 /* Build configuration list for PBXProject "MapKitTestApp" */;
			compatibilityVersion = "Xcode 13.0";
			developmentRegion = en;
			hasScannedForEncodings = 0;
			knownRegions = (
				en,
				Base,
			);
			mainGroup = 1F3DA0532809D98800391864;
			productRefGroup = 1F3DA05D2809D98800391864 /* Products */;
			projectDirPath = "";
			projectRoot = "";
			targets = (
				1F3DA05B2809D98800391864 /* MapKitTestApp */,
			);
		};
/* End PBXProject section */

/* Begin PBXResourcesBuildPhase section */
		1F3DA05A2809D98800391864 /* Resources */ = {
			isa = PBXResourcesBuildPhase;
			buildActionMask = 2147483647;
			files = (
				1F3DA06C2809D98B00391864 /* LaunchScreen.storyboard in Resources */,
				1F3DA0692809D98B00391864 /* Assets.xcassets in Resources */,
			);
			runOnlyForDeploymentPostprocessing = 0;
		};
/* End PBXResourcesBuildPhase section */

/* Begin PBXSourcesBuildPhase section */
		1F3DA0582809D98800391864 /* Sources */ = {
			isa = PBXSourcesBuildPhase;
			buildActionMask = 2147483647;
			files = (
				1F3DA07C2809E03100391864 /* StopListViewModel.swift in Sources */,
				1F3DA0892809FE8000391864 /* BottomSheetViewController.swift in Sources */,
				1F3DA0872809F18F00391864 /* StopDetailViewModel.swift in Sources */,
				1F3DA07A2809DFA900391864 /* StopsRaw.swift in Sources */,
				1F3DA0642809D98800391864 /* StopListViewController.swift in Sources */,
				1F3DA0802809E9D500391864 /* StopDetailViewController.swift in Sources */,
				1F3DA0852809EF8900391864 /* StopRaw.swift in Sources */,
				1F3DA0782809DF7A00391864 /* StopListRequest.swift in Sources */,
				1F3DA0762809DF1D00391864 /* DataRequest.swift in Sources */,
				1F3DA0602809D98800391864 /* AppDelegate.swift in Sources */,
				1F3DA0622809D98800391864 /* SceneDelegate.swift in Sources */,
				1F3DA07E2809E5D200391864 /* BusStopService.swift in Sources */,
				1F3DA08F280DCF6600391864 /* RouteCellViewModel.swift in Sources */,
				1F3DA091280DD29F00391864 /* String+HexToUiColor.swift in Sources */,
				1F3DA0742809DEDA00391864 /* NetworkCore.swift in Sources */,
				1F3DA0832809EE6E00391864 /* StopDetailRequest.swift in Sources */,
				1F3DA09F280DDE9E00391864 /* UIViewController+Alert.swift in Sources */,
				1F3DA08B280DC58C00391864 /* RouteCell.swift in Sources */,
				1F3DA08D280DCDC800391864 /* BottomSheetViewModel.swift in Sources */,
			);
			runOnlyForDeploymentPostprocessing = 0;
		};
/* End PBXSourcesBuildPhase section */

/* Begin PBXVariantGroup section */
		1F3DA06A2809D98B00391864 /* LaunchScreen.storyboard */ = {
			isa = PBXVariantGroup;
			children = (
				1F3DA06B2809D98B00391864 /* Base */,
			);
			name = LaunchScreen.storyboard;
			sourceTree = "<group>";
		};
/* End PBXVariantGroup section */

/* Begin XCBuildConfiguration section */
		1F3DA06E2809D98B00391864 /* Debug */ = {
			isa = XCBuildConfiguration;
			buildSettings = {
				ALWAYS_SEARCH_USER_PATHS = NO;
				CLANG_ANALYZER_NONNULL = YES;
				CLANG_ANALYZER_NUMBER_OBJECT_CONVERSION = YES_AGGRESSIVE;
				CLANG_CXX_LANGUAGE_STANDARD = "gnu++17";
				CLANG_ENABLE_MODULES = YES;
				CLANG_ENABLE_OBJC_ARC = YES;
				CLANG_ENABLE_OBJC_WEAK = YES;
				CLANG_WARN_BLOCK_CAPTURE_AUTORELEASING = YES;
				CLANG_WARN_BOOL_CONVERSION = YES;
				CLANG_WARN_COMMA = YES;
				CLANG_WARN_CONSTANT_CONVERSION = YES;
				CLANG_WARN_DEPRECATED_OBJC_IMPLEMENTATIONS = YES;
				CLANG_WARN_DIRECT_OBJC_ISA_USAGE = YES_ERROR;
				CLANG_WARN_DOCUMENTATION_COMMENTS = YES;
				CLANG_WARN_EMPTY_BODY = YES;
				CLANG_WARN_ENUM_CONVERSION = YES;
				CLANG_WARN_INFINITE_RECURSION = YES;
				CLANG_WARN_INT_CONVERSION = YES;
				CLANG_WARN_NON_LITERAL_NULL_CONVERSION = YES;
				CLANG_WARN_OBJC_IMPLICIT_RETAIN_SELF = YES;
				CLANG_WARN_OBJC_LITERAL_CONVERSION = YES;
				CLANG_WARN_OBJC_ROOT_CLASS = YES_ERROR;
				CLANG_WARN_QUOTED_INCLUDE_IN_FRAMEWORK_HEADER = YES;
				CLANG_WARN_RANGE_LOOP_ANALYSIS = YES;
				CLANG_WARN_STRICT_PROTOTYPES = YES;
				CLANG_WARN_SUSPICIOUS_MOVE = YES;
				CLANG_WARN_UNGUARDED_AVAILABILITY = YES_AGGRESSIVE;
				CLANG_WARN_UNREACHABLE_CODE = YES;
				CLANG_WARN__DUPLICATE_METHOD_MATCH = YES;
				COPY_PHASE_STRIP = NO;
				DEBUG_INFORMATION_FORMAT = dwarf;
				ENABLE_STRICT_OBJC_MSGSEND = YES;
				ENABLE_TESTABILITY = YES;
				GCC_C_LANGUAGE_STANDARD = gnu11;
				GCC_DYNAMIC_NO_PIC = NO;
				GCC_NO_COMMON_BLOCKS = YES;
				GCC_OPTIMIZATION_LEVEL = 0;
				GCC_PREPROCESSOR_DEFINITIONS = (
					"DEBUG=1",
					"$(inherited)",
				);
				GCC_WARN_64_TO_32_BIT_CONVERSION = YES;
				GCC_WARN_ABOUT_RETURN_TYPE = YES_ERROR;
				GCC_WARN_UNDECLARED_SELECTOR = YES;
				GCC_WARN_UNINITIALIZED_AUTOS = YES_AGGRESSIVE;
				GCC_WARN_UNUSED_FUNCTION = YES;
				GCC_WARN_UNUSED_VARIABLE = YES;
				IPHONEOS_DEPLOYMENT_TARGET = 15.4;
				MTL_ENABLE_DEBUG_INFO = INCLUDE_SOURCE;
				MTL_FAST_MATH = YES;
				ONLY_ACTIVE_ARCH = YES;
				SDKROOT = iphoneos;
				SWIFT_ACTIVE_COMPILATION_CONDITIONS = DEBUG;
				SWIFT_OPTIMIZATION_LEVEL = "-Onone";
			};
			name = Debug;
		};
		1F3DA06F2809D98B00391864 /* Release */ = {
			isa = XCBuildConfiguration;
			buildSettings = {
				ALWAYS_SEARCH_USER_PATHS = NO;
				CLANG_ANALYZER_NONNULL = YES;
				CLANG_ANALYZER_NUMBER_OBJECT_CONVERSION = YES_AGGRESSIVE;
				CLANG_CXX_LANGUAGE_STANDARD = "gnu++17";
				CLANG_ENABLE_MODULES = YES;
				CLANG_ENABLE_OBJC_ARC = YES;
				CLANG_ENABLE_OBJC_WEAK = YES;
				CLANG_WARN_BLOCK_CAPTURE_AUTORELEASING = YES;
				CLANG_WARN_BOOL_CONVERSION = YES;
				CLANG_WARN_COMMA = YES;
				CLANG_WARN_CONSTANT_CONVERSION = YES;
				CLANG_WARN_DEPRECATED_OBJC_IMPLEMENTATIONS = YES;
				CLANG_WARN_DIRECT_OBJC_ISA_USAGE = YES_ERROR;
				CLANG_WARN_DOCUMENTATION_COMMENTS = YES;
				CLANG_WARN_EMPTY_BODY = YES;
				CLANG_WARN_ENUM_CONVERSION = YES;
				CLANG_WARN_INFINITE_RECURSION = YES;
				CLANG_WARN_INT_CONVERSION = YES;
				CLANG_WARN_NON_LITERAL_NULL_CONVERSION = YES;
				CLANG_WARN_OBJC_IMPLICIT_RETAIN_SELF = YES;
				CLANG_WARN_OBJC_LITERAL_CONVERSION = YES;
				CLANG_WARN_OBJC_ROOT_CLASS = YES_ERROR;
				CLANG_WARN_QUOTED_INCLUDE_IN_FRAMEWORK_HEADER = YES;
				CLANG_WARN_RANGE_LOOP_ANALYSIS = YES;
				CLANG_WARN_STRICT_PROTOTYPES = YES;
				CLANG_WARN_SUSPICIOUS_MOVE = YES;
				CLANG_WARN_UNGUARDED_AVAILABILITY = YES_AGGRESSIVE;
				CLANG_WARN_UNREACHABLE_CODE = YES;
				CLANG_WARN__DUPLICATE_METHOD_MATCH = YES;
				COPY_PHASE_STRIP = NO;
				DEBUG_INFORMATION_FORMAT = "dwarf-with-dsym";
				ENABLE_NS_ASSERTIONS = NO;
				ENABLE_STRICT_OBJC_MSGSEND = YES;
				GCC_C_LANGUAGE_STANDARD = gnu11;
				GCC_NO_COMMON_BLOCKS = YES;
				GCC_WARN_64_TO_32_BIT_CONVERSION = YES;
				GCC_WARN_ABOUT_RETURN_TYPE = YES_ERROR;
				GCC_WARN_UNDECLARED_SELECTOR = YES;
				GCC_WARN_UNINITIALIZED_AUTOS = YES_AGGRESSIVE;
				GCC_WARN_UNUSED_FUNCTION = YES;
				GCC_WARN_UNUSED_VARIABLE = YES;
				IPHONEOS_DEPLOYMENT_TARGET = 15.4;
				MTL_ENABLE_DEBUG_INFO = NO;
				MTL_FAST_MATH = YES;
				SDKROOT = iphoneos;
				SWIFT_COMPILATION_MODE = wholemodule;
				SWIFT_OPTIMIZATION_LEVEL = "-O";
				VALIDATE_PRODUCT = YES;
			};
			name = Release;
		};
		1F3DA0712809D98B00391864 /* Debug */ = {
			isa = XCBuildConfiguration;
			buildSettings = {
				ASSETCATALOG_COMPILER_APPICON_NAME = AppIcon;
				ASSETCATALOG_COMPILER_GLOBAL_ACCENT_COLOR_NAME = AccentColor;
				CODE_SIGN_STYLE = Automatic;
				CURRENT_PROJECT_VERSION = 1;
				DEVELOPMENT_TEAM = 4QGJXZJYCH;
				GENERATE_INFOPLIST_FILE = YES;
				INFOPLIST_FILE = MapKitTestApp/Info.plist;
				INFOPLIST_KEY_UIApplicationSupportsIndirectInputEvents = YES;
				INFOPLIST_KEY_UILaunchStoryboardName = LaunchScreen;
				INFOPLIST_KEY_UIMainStoryboardFile = Main;
				INFOPLIST_KEY_UISupportedInterfaceOrientations_iPad = "UIInterfaceOrientationPortrait UIInterfaceOrientationPortraitUpsideDown UIInterfaceOrientationLandscapeLeft UIInterfaceOrientationLandscapeRight";
				INFOPLIST_KEY_UISupportedInterfaceOrientations_iPhone = "UIInterfaceOrientationPortrait UIInterfaceOrientationLandscapeLeft UIInterfaceOrientationLandscapeRight";
				LD_RUNPATH_SEARCH_PATHS = (
					"$(inherited)",
					"@executable_path/Frameworks",
				);
				MARKETING_VERSION = 1.0;
				PRODUCT_BUNDLE_IDENTIFIER = OS.MapKitTestApp;
				PRODUCT_NAME = "$(TARGET_NAME)";
				SWIFT_EMIT_LOC_STRINGS = YES;
				SWIFT_VERSION = 5.0;
				TARGETED_DEVICE_FAMILY = "1,2";
			};
			name = Debug;
		};
		1F3DA0722809D98B00391864 /* Release */ = {
			isa = XCBuildConfiguration;
			buildSettings = {
				ASSETCATALOG_COMPILER_APPICON_NAME = AppIcon;
				ASSETCATALOG_COMPILER_GLOBAL_ACCENT_COLOR_NAME = AccentColor;
				CODE_SIGN_STYLE = Automatic;
				CURRENT_PROJECT_VERSION = 1;
				DEVELOPMENT_TEAM = 4QGJXZJYCH;
				GENERATE_INFOPLIST_FILE = YES;
				INFOPLIST_FILE = MapKitTestApp/Info.plist;
				INFOPLIST_KEY_UIApplicationSupportsIndirectInputEvents = YES;
				INFOPLIST_KEY_UILaunchStoryboardName = LaunchScreen;
				INFOPLIST_KEY_UIMainStoryboardFile = Main;
				INFOPLIST_KEY_UISupportedInterfaceOrientations_iPad = "UIInterfaceOrientationPortrait UIInterfaceOrientationPortraitUpsideDown UIInterfaceOrientationLandscapeLeft UIInterfaceOrientationLandscapeRight";
				INFOPLIST_KEY_UISupportedInterfaceOrientations_iPhone = "UIInterfaceOrientationPortrait UIInterfaceOrientationLandscapeLeft UIInterfaceOrientationLandscapeRight";
				LD_RUNPATH_SEARCH_PATHS = (
					"$(inherited)",
					"@executable_path/Frameworks",
				);
				MARKETING_VERSION = 1.0;
				PRODUCT_BUNDLE_IDENTIFIER = OS.MapKitTestApp;
				PRODUCT_NAME = "$(TARGET_NAME)";
				SWIFT_EMIT_LOC_STRINGS = YES;
				SWIFT_VERSION = 5.0;
				TARGETED_DEVICE_FAMILY = "1,2";
			};
			name = Release;
		};
/* End XCBuildConfiguration section */

/* Begin XCConfigurationList section */
		1F3DA0572809D98800391864 /* Build configuration list for PBXProject "MapKitTestApp" */ = {
			isa = XCConfigurationList;
			buildConfigurations = (
				1F3DA06E2809D98B00391864 /* Debug */,
				1F3DA06F2809D98B00391864 /* Release */,
			);
			defaultConfigurationIsVisible = 0;
			defaultConfigurationName = Release;
		};
		1F3DA0702809D98B00391864 /* Build configuration list for PBXNativeTarget "MapKitTestApp" */ = {
			isa = XCConfigurationList;
			buildConfigurations = (
				1F3DA0712809D98B00391864 /* Debug */,
				1F3DA0722809D98B00391864 /* Release */,
			);
			defaultConfigurationIsVisible = 0;
			defaultConfigurationName = Release;
		};
/* End XCConfigurationList section */
	};
	rootObject = 1F3DA0542809D98800391864 /* Project object */;
}
